
Microsoft Visual Studio Solution File, Format Version 12.00
# Visual Studio Version 17
VisualStudioVersion = 17.11.35303.130
MinimumVisualStudioVersion = 10.0.40219.1
Project("{FAE04EC0-301F-11D3-BF4B-00C04F79EFBC}") = "Fall2024-Assignment2-bhnguyen2", "Fall2024-Assignment2-bhnguyen2.csproj", "{1897284C-C11B-48BD-8CE4-8EFC5931E129}"
EndProject
Global
	GlobalSection(SolutionConfigurationPlatforms) = preSolution
		Debug|Any CPU = Debug|Any CPU
		Release|Any CPU = Release|Any CPU
	EndGlobalSection
	GlobalSection(ProjectConfigurationPlatforms) = postSolution
		{1897284C-C11B-48BD-8CE4-8EFC5931E129}.Debug|Any CPU.ActiveCfg = Debug|Any CPU
		{1897284C-C11B-48BD-8CE4-8EFC5931E129}.Debug|Any CPU.Build.0 = Debug|Any CPU
		{1897284C-C11B-48BD-8CE4-8EFC5931E129}.Release|Any CPU.ActiveCfg = Release|Any CPU
		{1897284C-C11B-48BD-8CE4-8EFC5931E129}.Release|Any CPU.Build.0 = Release|Any CPU
	EndGlobalSection
	GlobalSection(SolutionProperties) = preSolution
		HideSolutionNode = FALSE
	EndGlobalSection
	GlobalSection(ExtensibilityGlobals) = postSolution
		SolutionGuid = {709CA262-A8F4-4E03-AC1D-F06F92EF7E1E}
	EndGlobalSection
EndGlobal
